
Microsoft Visual Studio Solution File, Format Version 12.00
# Visual Studio Version 17
VisualStudioVersion = 17.2.32616.157
MinimumVisualStudioVersion = 10.0.40219.1
Project("{FAE04EC0-301F-11D3-BF4B-00C04F79EFBC}") = "CrudOperation", "CrudOperation.csproj", "{81A14F11-332E-474D-82C7-1FCFF560EEAF}"
EndProject
Global
	GlobalSection(SolutionConfigurationPlatforms) = preSolution
		Debug|Any CPU = Debug|Any CPU
		Release|Any CPU = Release|Any CPU
	EndGlobalSection
	GlobalSection(ProjectConfigurationPlatforms) = postSolution
		{81A14F11-332E-474D-82C7-1FCFF560EEAF}.Debug|Any CPU.ActiveCfg = Debug|Any CPU
		{81A14F11-332E-474D-82C7-1FCFF560EEAF}.Debug|Any CPU.Build.0 = Debug|Any CPU
		{81A14F11-332E-474D-82C7-1FCFF560EEAF}.Release|Any CPU.ActiveCfg = Release|Any CPU
		{81A14F11-332E-474D-82C7-1FCFF560EEAF}.Release|Any CPU.Build.0 = Release|Any CPU
	EndGlobalSection
	GlobalSection(SolutionProperties) = preSolution
		HideSolutionNode = FALSE
	EndGlobalSection
	GlobalSection(ExtensibilityGlobals) = postSolution
		SolutionGuid = {6938CA0C-435E-4173-834C-E68F9613743B}
	EndGlobalSection
EndGlobal
